// !$*UTF8*$!
{
	archiveVersion = 1;
	classes = {
	};
	objectVersion = 51;
	objects = {

/* Begin PBXBuildFile section */
		6EB3FFF77A8675711EAAE26F /* Pods_E_Grow2_E_Grow2UITests.framework in Frameworks */ = {isa = PBXBuildFile; fileRef = 17BE95A79C79E5E8DCE080DE /* Pods_E_Grow2_E_Grow2UITests.framework */; };
		72F50C7554167E7E59512AF1 /* Pods_E_Grow2Tests.framework in Frameworks */ = {isa = PBXBuildFile; fileRef = 4116FDE6F8ADE557FC0CE0EC /* Pods_E_Grow2Tests.framework */; };
		9A41E247255734A00063440D /* MobileNet.mlmodel in Sources */ = {isa = PBXBuildFile; fileRef = 9A41E246255734A00063440D /* MobileNet.mlmodel */; };
		9A41E249255734B60063440D /* CGImagePropertyOrientation+UIImageOrientation.swift in Sources */ = {isa = PBXBuildFile; fileRef = 9A41E248255734B60063440D /* CGImagePropertyOrientation+UIImageOrientation.swift */; };
		9A41E24B255734BE0063440D /* ImageClassificationViewController.swift in Sources */ = {isa = PBXBuildFile; fileRef = 9A41E24A255734BE0063440D /* ImageClassificationViewController.swift */; };
		9A6DF41525572EFD002CD8B5 /* AppDelegate.swift in Sources */ = {isa = PBXBuildFile; fileRef = 9A6DF41425572EFD002CD8B5 /* AppDelegate.swift */; };
		9A6DF41725572EFD002CD8B5 /* SceneDelegate.swift in Sources */ = {isa = PBXBuildFile; fileRef = 9A6DF41625572EFD002CD8B5 /* SceneDelegate.swift */; };
		9A6DF41925572EFD002CD8B5 /* ViewController.swift in Sources */ = {isa = PBXBuildFile; fileRef = 9A6DF41825572EFD002CD8B5 /* ViewController.swift */; };
		9A6DF41C25572EFD002CD8B5 /* Main.storyboard in Resources */ = {isa = PBXBuildFile; fileRef = 9A6DF41A25572EFD002CD8B5 /* Main.storyboard */; };
		9A6DF41F25572EFE002CD8B5 /* E_Grow2.xcdatamodeld in Sources */ = {isa = PBXBuildFile; fileRef = 9A6DF41D25572EFE002CD8B5 /* E_Grow2.xcdatamodeld */; };
		9A6DF42125572F00002CD8B5 /* Assets.xcassets in Resources */ = {isa = PBXBuildFile; fileRef = 9A6DF42025572F00002CD8B5 /* Assets.xcassets */; };
		9A6DF42425572F00002CD8B5 /* LaunchScreen.storyboard in Resources */ = {isa = PBXBuildFile; fileRef = 9A6DF42225572F00002CD8B5 /* LaunchScreen.storyboard */; };
		9A6DF42F25572F00002CD8B5 /* E_Grow2Tests.swift in Sources */ = {isa = PBXBuildFile; fileRef = 9A6DF42E25572F00002CD8B5 /* E_Grow2Tests.swift */; };
		9A6DF43A25572F00002CD8B5 /* E_Grow2UITests.swift in Sources */ = {isa = PBXBuildFile; fileRef = 9A6DF43925572F00002CD8B5 /* E_Grow2UITests.swift */; };
		9A6DF44825572F56002CD8B5 /* GoogleService-Info.plist in Resources */ = {isa = PBXBuildFile; fileRef = 9A6DF44725572F56002CD8B5 /* GoogleService-Info.plist */; };
		9AC5D0CF25574C720025B5D0 /* SignUpViewController.swift in Sources */ = {isa = PBXBuildFile; fileRef = 9AC5D0CE25574C720025B5D0 /* SignUpViewController.swift */; };
		9AC5D0D125574C7B0025B5D0 /* LoginViewController.swift in Sources */ = {isa = PBXBuildFile; fileRef = 9AC5D0D025574C7B0025B5D0 /* LoginViewController.swift */; };
		9AC5D0D325574C830025B5D0 /* FirstViewController.swift in Sources */ = {isa = PBXBuildFile; fileRef = 9AC5D0D225574C830025B5D0 /* FirstViewController.swift */; };
		9AC5D0D525575F640025B5D0 /* HomeViewController.swift in Sources */ = {isa = PBXBuildFile; fileRef = 9AC5D0D425575F640025B5D0 /* HomeViewController.swift */; };
		9AC5D0D725575F790025B5D0 /* MapViewController.swift in Sources */ = {isa = PBXBuildFile; fileRef = 9AC5D0D625575F790025B5D0 /* MapViewController.swift */; };
		9AC5D0D925575F9E0025B5D0 /* AccountViewController.swift in Sources */ = {isa = PBXBuildFile; fileRef = 9AC5D0D825575F9E0025B5D0 /* AccountViewController.swift */; };
		A013799E1384404B597DC00B /* Pods_E_Grow2.framework in Frameworks */ = {isa = PBXBuildFile; fileRef = 39F394282B4020D3A670B441 /* Pods_E_Grow2.framework */; };
/* End PBXBuildFile section */

/* Begin PBXContainerItemProxy section */
		9A6DF42B25572F00002CD8B5 /* PBXContainerItemProxy */ = {
			isa = PBXContainerItemProxy;
			containerPortal = 9A6DF40925572EFD002CD8B5 /* Project object */;
			proxyType = 1;
			remoteGlobalIDString = 9A6DF41025572EFD002CD8B5;
			remoteInfo = "E-Grow2";
		};
		9A6DF43625572F00002CD8B5 /* PBXContainerItemProxy */ = {
			isa = PBXContainerItemProxy;
			containerPortal = 9A6DF40925572EFD002CD8B5 /* Project object */;
			proxyType = 1;
			remoteGlobalIDString = 9A6DF41025572EFD002CD8B5;
			remoteInfo = "E-Grow2";
		};
/* End PBXContainerItemProxy section */

/* Begin PBXFileReference section */
		17BE95A79C79E5E8DCE080DE /* Pods_E_Grow2_E_Grow2UITests.framework */ = {isa = PBXFileReference; explicitFileType = wrapper.framework; includeInIndex = 0; path = Pods_E_Grow2_E_Grow2UITests.framework; sourceTree = BUILT_PRODUCTS_DIR; };
		2C0FBF2CECE98ED36FA74714 /* Pods-E-Grow2-E-Grow2UITests.release.xcconfig */ = {isa = PBXFileReference; includeInIndex = 1; lastKnownFileType = text.xcconfig; name = "Pods-E-Grow2-E-Grow2UITests.release.xcconfig"; path = "Target Support Files/Pods-E-Grow2-E-Grow2UITests/Pods-E-Grow2-E-Grow2UITests.release.xcconfig"; sourceTree = "<group>"; };
		39F394282B4020D3A670B441 /* Pods_E_Grow2.framework */ = {isa = PBXFileReference; explicitFileType = wrapper.framework; includeInIndex = 0; path = Pods_E_Grow2.framework; sourceTree = BUILT_PRODUCTS_DIR; };
		4116FDE6F8ADE557FC0CE0EC /* Pods_E_Grow2Tests.framework */ = {isa = PBXFileReference; explicitFileType = wrapper.framework; includeInIndex = 0; path = Pods_E_Grow2Tests.framework; sourceTree = BUILT_PRODUCTS_DIR; };
		52D47E3F2F1D1D2C190BCF66 /* Pods-E-Grow2.debug.xcconfig */ = {isa = PBXFileReference; includeInIndex = 1; lastKnownFileType = text.xcconfig; name = "Pods-E-Grow2.debug.xcconfig"; path = "Target Support Files/Pods-E-Grow2/Pods-E-Grow2.debug.xcconfig"; sourceTree = "<group>"; };
		8BB4461A2B1D60BE42F8D70D /* Pods-E-Grow2.release.xcconfig */ = {isa = PBXFileReference; includeInIndex = 1; lastKnownFileType = text.xcconfig; name = "Pods-E-Grow2.release.xcconfig"; path = "Target Support Files/Pods-E-Grow2/Pods-E-Grow2.release.xcconfig"; sourceTree = "<group>"; };
		9A41E246255734A00063440D /* MobileNet.mlmodel */ = {isa = PBXFileReference; lastKnownFileType = file.mlmodel; path = MobileNet.mlmodel; sourceTree = "<group>"; };
		9A41E248255734B60063440D /* CGImagePropertyOrientation+UIImageOrientation.swift */ = {isa = PBXFileReference; fileEncoding = 4; lastKnownFileType = sourcecode.swift; path = "CGImagePropertyOrientation+UIImageOrientation.swift"; sourceTree = "<group>"; };
		9A41E24A255734BE0063440D /* ImageClassificationViewController.swift */ = {isa = PBXFileReference; fileEncoding = 4; lastKnownFileType = sourcecode.swift; path = ImageClassificationViewController.swift; sourceTree = "<group>"; };
		9A6DF41125572EFD002CD8B5 /* E-Grow2.app */ = {isa = PBXFileReference; explicitFileType = wrapper.application; includeInIndex = 0; path = "E-Grow2.app"; sourceTree = BUILT_PRODUCTS_DIR; };
		9A6DF41425572EFD002CD8B5 /* AppDelegate.swift */ = {isa = PBXFileReference; lastKnownFileType = sourcecode.swift; path = AppDelegate.swift; sourceTree = "<group>"; };
		9A6DF41625572EFD002CD8B5 /* SceneDelegate.swift */ = {isa = PBXFileReference; lastKnownFileType = sourcecode.swift; path = SceneDelegate.swift; sourceTree = "<group>"; };
		9A6DF41825572EFD002CD8B5 /* ViewController.swift */ = {isa = PBXFileReference; lastKnownFileType = sourcecode.swift; path = ViewController.swift; sourceTree = "<group>"; };
		9A6DF41B25572EFD002CD8B5 /* Base */ = {isa = PBXFileReference; lastKnownFileType = file.storyboard; name = Base; path = Base.lproj/Main.storyboard; sourceTree = "<group>"; };
		9A6DF41E25572EFE002CD8B5 /* E_Grow2.xcdatamodel */ = {isa = PBXFileReference; lastKnownFileType = wrapper.xcdatamodel; path = E_Grow2.xcdatamodel; sourceTree = "<group>"; };
		9A6DF42025572F00002CD8B5 /* Assets.xcassets */ = {isa = PBXFileReference; lastKnownFileType = folder.assetcatalog; path = Assets.xcassets; sourceTree = "<group>"; };
		9A6DF42325572F00002CD8B5 /* Base */ = {isa = PBXFileReference; lastKnownFileType = file.storyboard; name = Base; path = Base.lproj/LaunchScreen.storyboard; sourceTree = "<group>"; };
		9A6DF42525572F00002CD8B5 /* Info.plist */ = {isa = PBXFileReference; lastKnownFileType = text.plist.xml; path = Info.plist; sourceTree = "<group>"; };
		9A6DF42A25572F00002CD8B5 /* E-Grow2Tests.xctest */ = {isa = PBXFileReference; explicitFileType = wrapper.cfbundle; includeInIndex = 0; path = "E-Grow2Tests.xctest"; sourceTree = BUILT_PRODUCTS_DIR; };
		9A6DF42E25572F00002CD8B5 /* E_Grow2Tests.swift */ = {isa = PBXFileReference; lastKnownFileType = sourcecode.swift; path = E_Grow2Tests.swift; sourceTree = "<group>"; };
		9A6DF43025572F00002CD8B5 /* Info.plist */ = {isa = PBXFileReference; lastKnownFileType = text.plist.xml; path = Info.plist; sourceTree = "<group>"; };
		9A6DF43525572F00002CD8B5 /* E-Grow2UITests.xctest */ = {isa = PBXFileReference; explicitFileType = wrapper.cfbundle; includeInIndex = 0; path = "E-Grow2UITests.xctest"; sourceTree = BUILT_PRODUCTS_DIR; };
		9A6DF43925572F00002CD8B5 /* E_Grow2UITests.swift */ = {isa = PBXFileReference; lastKnownFileType = sourcecode.swift; path = E_Grow2UITests.swift; sourceTree = "<group>"; };
		9A6DF43B25572F00002CD8B5 /* Info.plist */ = {isa = PBXFileReference; lastKnownFileType = text.plist.xml; path = Info.plist; sourceTree = "<group>"; };
		9A6DF44725572F56002CD8B5 /* GoogleService-Info.plist */ = {isa = PBXFileReference; fileEncoding = 4; lastKnownFileType = text.plist.xml; path = "GoogleService-Info.plist"; sourceTree = "<group>"; };
		9AC5D0CE25574C720025B5D0 /* SignUpViewController.swift */ = {isa = PBXFileReference; lastKnownFileType = sourcecode.swift; path = SignUpViewController.swift; sourceTree = "<group>"; };
		9AC5D0D025574C7B0025B5D0 /* LoginViewController.swift */ = {isa = PBXFileReference; lastKnownFileType = sourcecode.swift; path = LoginViewController.swift; sourceTree = "<group>"; };
		9AC5D0D225574C830025B5D0 /* FirstViewController.swift */ = {isa = PBXFileReference; lastKnownFileType = sourcecode.swift; path = FirstViewController.swift; sourceTree = "<group>"; };
		9AC5D0D425575F640025B5D0 /* HomeViewController.swift */ = {isa = PBXFileReference; lastKnownFileType = sourcecode.swift; path = HomeViewController.swift; sourceTree = "<group>"; };
		9AC5D0D625575F790025B5D0 /* MapViewController.swift */ = {isa = PBXFileReference; lastKnownFileType = sourcecode.swift; path = MapViewController.swift; sourceTree = "<group>"; };
		9AC5D0D825575F9E0025B5D0 /* AccountViewController.swift */ = {isa = PBXFileReference; lastKnownFileType = sourcecode.swift; path = AccountViewController.swift; sourceTree = "<group>"; };
		BC2F46A071449537A5857014 /* Pods-E-Grow2Tests.release.xcconfig */ = {isa = PBXFileReference; includeInIndex = 1; lastKnownFileType = text.xcconfig; name = "Pods-E-Grow2Tests.release.xcconfig"; path = "Target Support Files/Pods-E-Grow2Tests/Pods-E-Grow2Tests.release.xcconfig"; sourceTree = "<group>"; };
		BCC4FBB687B7C305E9B47FBA /* Pods-E-Grow2-E-Grow2UITests.debug.xcconfig */ = {isa = PBXFileReference; includeInIndex = 1; lastKnownFileType = text.xcconfig; name = "Pods-E-Grow2-E-Grow2UITests.debug.xcconfig"; path = "Target Support Files/Pods-E-Grow2-E-Grow2UITests/Pods-E-Grow2-E-Grow2UITests.debug.xcconfig"; sourceTree = "<group>"; };
		C24E9BFD6C3897F09F94DB98 /* Pods-E-Grow2Tests.debug.xcconfig */ = {isa = PBXFileReference; includeInIndex = 1; lastKnownFileType = text.xcconfig; name = "Pods-E-Grow2Tests.debug.xcconfig"; path = "Target Support Files/Pods-E-Grow2Tests/Pods-E-Grow2Tests.debug.xcconfig"; sourceTree = "<group>"; };
/* End PBXFileReference section */

/* Begin PBXFrameworksBuildPhase section */
		9A6DF40E25572EFD002CD8B5 /* Frameworks */ = {
			isa = PBXFrameworksBuildPhase;
			buildActionMask = 2147483647;
			files = (
				A013799E1384404B597DC00B /* Pods_E_Grow2.framework in Frameworks */,
			);
			runOnlyForDeploymentPostprocessing = 0;
		};
		9A6DF42725572F00002CD8B5 /* Frameworks */ = {
			isa = PBXFrameworksBuildPhase;
			buildActionMask = 2147483647;
			files = (
				72F50C7554167E7E59512AF1 /* Pods_E_Grow2Tests.framework in Frameworks */,
			);
			runOnlyForDeploymentPostprocessing = 0;
		};
		9A6DF43225572F00002CD8B5 /* Frameworks */ = {
			isa = PBXFrameworksBuildPhase;
			buildActionMask = 2147483647;
			files = (
				6EB3FFF77A8675711EAAE26F /* Pods_E_Grow2_E_Grow2UITests.framework in Frameworks */,
			);
			runOnlyForDeploymentPostprocessing = 0;
		};
/* End PBXFrameworksBuildPhase section */

/* Begin PBXGroup section */
		52A7B8B0F101D9BDAD73F017 /* Frameworks */ = {
			isa = PBXGroup;
			children = (
				39F394282B4020D3A670B441 /* Pods_E_Grow2.framework */,
				17BE95A79C79E5E8DCE080DE /* Pods_E_Grow2_E_Grow2UITests.framework */,
				4116FDE6F8ADE557FC0CE0EC /* Pods_E_Grow2Tests.framework */,
			);
			name = Frameworks;
			sourceTree = "<group>";
		};
		9A6DF40825572EFD002CD8B5 = {
			isa = PBXGroup;
			children = (
				9A6DF41325572EFD002CD8B5 /* E-Grow2 */,
				9A6DF42D25572F00002CD8B5 /* E-Grow2Tests */,
				9A6DF43825572F00002CD8B5 /* E-Grow2UITests */,
				9A6DF41225572EFD002CD8B5 /* Products */,
				E49C70C9671D1256341664CB /* Pods */,
				52A7B8B0F101D9BDAD73F017 /* Frameworks */,
			);
			sourceTree = "<group>";
		};
		9A6DF41225572EFD002CD8B5 /* Products */ = {
			isa = PBXGroup;
			children = (
				9A6DF41125572EFD002CD8B5 /* E-Grow2.app */,
				9A6DF42A25572F00002CD8B5 /* E-Grow2Tests.xctest */,
				9A6DF43525572F00002CD8B5 /* E-Grow2UITests.xctest */,
			);
			name = Products;
			sourceTree = "<group>";
		};
		9A6DF41325572EFD002CD8B5 /* E-Grow2 */ = {
			isa = PBXGroup;
			children = (
				9A6DF41425572EFD002CD8B5 /* AppDelegate.swift */,
				9A6DF41625572EFD002CD8B5 /* SceneDelegate.swift */,
				9A6DF41825572EFD002CD8B5 /* ViewController.swift */,
				9A41E24A255734BE0063440D /* ImageClassificationViewController.swift */,
				9A6DF41A25572EFD002CD8B5 /* Main.storyboard */,
				9A41E248255734B60063440D /* CGImagePropertyOrientation+UIImageOrientation.swift */,
				9A6DF42025572F00002CD8B5 /* Assets.xcassets */,
				9A6DF42225572F00002CD8B5 /* LaunchScreen.storyboard */,
				9A41E246255734A00063440D /* MobileNet.mlmodel */,
				9A6DF42525572F00002CD8B5 /* Info.plist */,
				9A6DF44725572F56002CD8B5 /* GoogleService-Info.plist */,
				9A6DF41D25572EFE002CD8B5 /* E_Grow2.xcdatamodeld */,
				9AC5D0CE25574C720025B5D0 /* SignUpViewController.swift */,
				9AC5D0D025574C7B0025B5D0 /* LoginViewController.swift */,
				9AC5D0D225574C830025B5D0 /* FirstViewController.swift */,
				9AC5D0D425575F640025B5D0 /* HomeViewController.swift */,
				9AC5D0D625575F790025B5D0 /* MapViewController.swift */,
				9AC5D0D825575F9E0025B5D0 /* AccountViewController.swift */,
			);
			path = "E-Grow2";
			sourceTree = "<group>";
		};
		9A6DF42D25572F00002CD8B5 /* E-Grow2Tests */ = {
			isa = PBXGroup;
			children = (
				9A6DF42E25572F00002CD8B5 /* E_Grow2Tests.swift */,
				9A6DF43025572F00002CD8B5 /* Info.plist */,
			);
			path = "E-Grow2Tests";
			sourceTree = "<group>";
		};
		9A6DF43825572F00002CD8B5 /* E-Grow2UITests */ = {
			isa = PBXGroup;
			children = (
				9A6DF43925572F00002CD8B5 /* E_Grow2UITests.swift */,
				9A6DF43B25572F00002CD8B5 /* Info.plist */,
			);
			path = "E-Grow2UITests";
			sourceTree = "<group>";
		};
		E49C70C9671D1256341664CB /* Pods */ = {
			isa = PBXGroup;
			children = (
				52D47E3F2F1D1D2C190BCF66 /* Pods-E-Grow2.debug.xcconfig */,
				8BB4461A2B1D60BE42F8D70D /* Pods-E-Grow2.release.xcconfig */,
				BCC4FBB687B7C305E9B47FBA /* Pods-E-Grow2-E-Grow2UITests.debug.xcconfig */,
				2C0FBF2CECE98ED36FA74714 /* Pods-E-Grow2-E-Grow2UITests.release.xcconfig */,
				C24E9BFD6C3897F09F94DB98 /* Pods-E-Grow2Tests.debug.xcconfig */,
				BC2F46A071449537A5857014 /* Pods-E-Grow2Tests.release.xcconfig */,
			);
			path = Pods;
			sourceTree = "<group>";
		};
/* End PBXGroup section */

/* Begin PBXNativeTarget section */
		9A6DF41025572EFD002CD8B5 /* E-Grow2 */ = {
			isa = PBXNativeTarget;
			buildConfigurationList = 9A6DF43E25572F00002CD8B5 /* Build configuration list for PBXNativeTarget "E-Grow2" */;
			buildPhases = (
				9726738F70C51AB8E5C9C757 /* [CP] Check Pods Manifest.lock */,
				9A6DF40D25572EFD002CD8B5 /* Sources */,
				9A6DF40E25572EFD002CD8B5 /* Frameworks */,
				9A6DF40F25572EFD002CD8B5 /* Resources */,
				D6B057E3A1A9EB9647D75B4A /* [CP] Embed Pods Frameworks */,
			);
			buildRules = (
			);
			dependencies = (
			);
			name = "E-Grow2";
			productName = "E-Grow2";
			productReference = 9A6DF41125572EFD002CD8B5 /* E-Grow2.app */;
			productType = "com.apple.product-type.application";
		};
		9A6DF42925572F00002CD8B5 /* E-Grow2Tests */ = {
			isa = PBXNativeTarget;
			buildConfigurationList = 9A6DF44125572F00002CD8B5 /* Build configuration list for PBXNativeTarget "E-Grow2Tests" */;
			buildPhases = (
				6712D2CDE7E15C1AD38593D9 /* [CP] Check Pods Manifest.lock */,
				9A6DF42625572F00002CD8B5 /* Sources */,
				9A6DF42725572F00002CD8B5 /* Frameworks */,
				9A6DF42825572F00002CD8B5 /* Resources */,
			);
			buildRules = (
			);
			dependencies = (
				9A6DF42C25572F00002CD8B5 /* PBXTargetDependency */,
			);
			name = "E-Grow2Tests";
			productName = "E-Grow2Tests";
			productReference = 9A6DF42A25572F00002CD8B5 /* E-Grow2Tests.xctest */;
			productType = "com.apple.product-type.bundle.unit-test";
		};
		9A6DF43425572F00002CD8B5 /* E-Grow2UITests */ = {
			isa = PBXNativeTarget;
			buildConfigurationList = 9A6DF44425572F00002CD8B5 /* Build configuration list for PBXNativeTarget "E-Grow2UITests" */;
			buildPhases = (
				9C87D849762AE8FFC2095FC5 /* [CP] Check Pods Manifest.lock */,
				9A6DF43125572F00002CD8B5 /* Sources */,
				9A6DF43225572F00002CD8B5 /* Frameworks */,
				9A6DF43325572F00002CD8B5 /* Resources */,
				D1D1A8187307526B4ACB7AC0 /* [CP] Embed Pods Frameworks */,
			);
			buildRules = (
			);
			dependencies = (
				9A6DF43725572F00002CD8B5 /* PBXTargetDependency */,
			);
			name = "E-Grow2UITests";
			productName = "E-Grow2UITests";
			productReference = 9A6DF43525572F00002CD8B5 /* E-Grow2UITests.xctest */;
			productType = "com.apple.product-type.bundle.ui-testing";
		};
/* End PBXNativeTarget section */

/* Begin PBXProject section */
		9A6DF40925572EFD002CD8B5 /* Project object */ = {
			isa = PBXProject;
			attributes = {
				LastSwiftUpdateCheck = 1150;
				LastUpgradeCheck = 1150;
				ORGANIZATIONNAME = "Kamryn Ohly";
				TargetAttributes = {
					9A6DF41025572EFD002CD8B5 = {
						CreatedOnToolsVersion = 11.5;
					};
					9A6DF42925572F00002CD8B5 = {
						CreatedOnToolsVersion = 11.5;
						TestTargetID = 9A6DF41025572EFD002CD8B5;
					};
					9A6DF43425572F00002CD8B5 = {
						CreatedOnToolsVersion = 11.5;
						TestTargetID = 9A6DF41025572EFD002CD8B5;
					};
				};
			};
			buildConfigurationList = 9A6DF40C25572EFD002CD8B5 /* Build configuration list for PBXProject "E-Grow2" */;
			compatibilityVersion = "Xcode 9.3";
			developmentRegion = en;
			hasScannedForEncodings = 0;
			knownRegions = (
				en,
				Base,
			);
			mainGroup = 9A6DF40825572EFD002CD8B5;
			productRefGroup = 9A6DF41225572EFD002CD8B5 /* Products */;
			projectDirPath = "";
			projectRoot = "";
			targets = (
				9A6DF41025572EFD002CD8B5 /* E-Grow2 */,
				9A6DF42925572F00002CD8B5 /* E-Grow2Tests */,
				9A6DF43425572F00002CD8B5 /* E-Grow2UITests */,
			);
		};
/* End PBXProject section */

/* Begin PBXResourcesBuildPhase section */
		9A6DF40F25572EFD002CD8B5 /* Resources */ = {
			isa = PBXResourcesBuildPhase;
			buildActionMask = 2147483647;
			files = (
				9A6DF42425572F00002CD8B5 /* LaunchScreen.storyboard in Resources */,
				9A6DF44825572F56002CD8B5 /* GoogleService-Info.plist in Resources */,
				9A6DF42125572F00002CD8B5 /* Assets.xcassets in Resources */,
				9A6DF41C25572EFD002CD8B5 /* Main.storyboard in Resources */,
			);
			runOnlyForDeploymentPostprocessing = 0;
		};
		9A6DF42825572F00002CD8B5 /* Resources */ = {
			isa = PBXResourcesBuildPhase;
			buildActionMask = 2147483647;
			files = (
			);
			runOnlyForDeploymentPostprocessing = 0;
		};
		9A6DF43325572F00002CD8B5 /* Resources */ = {
			isa = PBXResourcesBuildPhase;
			buildActionMask = 2147483647;
			files = (
			);
			runOnlyForDeploymentPostprocessing = 0;
		};
/* End PBXResourcesBuildPhase section */

/* Begin PBXShellScriptBuildPhase section */
		6712D2CDE7E15C1AD38593D9 /* [CP] Check Pods Manifest.lock */ = {
			isa = PBXShellScriptBuildPhase;
			buildActionMask = 2147483647;
			files = (
			);
			inputFileListPaths = (
			);
			inputPaths = (
				"${PODS_PODFILE_DIR_PATH}/Podfile.lock",
				"${PODS_ROOT}/Manifest.lock",
			);
			name = "[CP] Check Pods Manifest.lock";
			outputFileListPaths = (
			);
			outputPaths = (
				"$(DERIVED_FILE_DIR)/Pods-E-Grow2Tests-checkManifestLockResult.txt",
			);
			runOnlyForDeploymentPostprocessing = 0;
			shellPath = /bin/sh;
			shellScript = "diff \"${PODS_PODFILE_DIR_PATH}/Podfile.lock\" \"${PODS_ROOT}/Manifest.lock\" > /dev/null\nif [ $? != 0 ] ; then\n    # print error to STDERR\n    echo \"error: The sandbox is not in sync with the Podfile.lock. Run 'pod install' or update your CocoaPods installation.\" >&2\n    exit 1\nfi\n# This output is used by Xcode 'outputs' to avoid re-running this script phase.\necho \"SUCCESS\" > \"${SCRIPT_OUTPUT_FILE_0}\"\n";
			showEnvVarsInLog = 0;
		};
		9726738F70C51AB8E5C9C757 /* [CP] Check Pods Manifest.lock */ = {
			isa = PBXShellScriptBuildPhase;
			buildActionMask = 2147483647;
			files = (
			);
			inputFileListPaths = (
			);
			inputPaths = (
				"${PODS_PODFILE_DIR_PATH}/Podfile.lock",
				"${PODS_ROOT}/Manifest.lock",
			);
			name = "[CP] Check Pods Manifest.lock";
			outputFileListPaths = (
			);
			outputPaths = (
				"$(DERIVED_FILE_DIR)/Pods-E-Grow2-checkManifestLockResult.txt",
			);
			runOnlyForDeploymentPostprocessing = 0;
			shellPath = /bin/sh;
			shellScript = "diff \"${PODS_PODFILE_DIR_PATH}/Podfile.lock\" \"${PODS_ROOT}/Manifest.lock\" > /dev/null\nif [ $? != 0 ] ; then\n    # print error to STDERR\n    echo \"error: The sandbox is not in sync with the Podfile.lock. Run 'pod install' or update your CocoaPods installation.\" >&2\n    exit 1\nfi\n# This output is used by Xcode 'outputs' to avoid re-running this script phase.\necho \"SUCCESS\" > \"${SCRIPT_OUTPUT_FILE_0}\"\n";
			showEnvVarsInLog = 0;
		};
		9C87D849762AE8FFC2095FC5 /* [CP] Check Pods Manifest.lock */ = {
			isa = PBXShellScriptBuildPhase;
			buildActionMask = 2147483647;
			files = (
			);
			inputFileListPaths = (
			);
			inputPaths = (
				"${PODS_PODFILE_DIR_PATH}/Podfile.lock",
				"${PODS_ROOT}/Manifest.lock",
			);
			name = "[CP] Check Pods Manifest.lock";
			outputFileListPaths = (
			);
			outputPaths = (
				"$(DERIVED_FILE_DIR)/Pods-E-Grow2-E-Grow2UITests-checkManifestLockResult.txt",
			);
			runOnlyForDeploymentPostprocessing = 0;
			shellPath = /bin/sh;
			shellScript = "diff \"${PODS_PODFILE_DIR_PATH}/Podfile.lock\" \"${PODS_ROOT}/Manifest.lock\" > /dev/null\nif [ $? != 0 ] ; then\n    # print error to STDERR\n    echo \"error: The sandbox is not in sync with the Podfile.lock. Run 'pod install' or update your CocoaPods installation.\" >&2\n    exit 1\nfi\n# This output is used by Xcode 'outputs' to avoid re-running this script phase.\necho \"SUCCESS\" > \"${SCRIPT_OUTPUT_FILE_0}\"\n";
			showEnvVarsInLog = 0;
		};
		D1D1A8187307526B4ACB7AC0 /* [CP] Embed Pods Frameworks */ = {
			isa = PBXShellScriptBuildPhase;
			buildActionMask = 2147483647;
			files = (
			);
			inputFileListPaths = (
				"${PODS_ROOT}/Target Support Files/Pods-E-Grow2-E-Grow2UITests/Pods-E-Grow2-E-Grow2UITests-frameworks-${CONFIGURATION}-input-files.xcfilelist",
			);
			name = "[CP] Embed Pods Frameworks";
			outputFileListPaths = (
				"${PODS_ROOT}/Target Support Files/Pods-E-Grow2-E-Grow2UITests/Pods-E-Grow2-E-Grow2UITests-frameworks-${CONFIGURATION}-output-files.xcfilelist",
			);
			runOnlyForDeploymentPostprocessing = 0;
			shellPath = /bin/sh;
			shellScript = "\"${PODS_ROOT}/Target Support Files/Pods-E-Grow2-E-Grow2UITests/Pods-E-Grow2-E-Grow2UITests-frameworks.sh\"\n";
			showEnvVarsInLog = 0;
		};
		D6B057E3A1A9EB9647D75B4A /* [CP] Embed Pods Frameworks */ = {
			isa = PBXShellScriptBuildPhase;
			buildActionMask = 2147483647;
			files = (
			);
			inputFileListPaths = (
				"${PODS_ROOT}/Target Support Files/Pods-E-Grow2/Pods-E-Grow2-frameworks-${CONFIGURATION}-input-files.xcfilelist",
			);
			name = "[CP] Embed Pods Frameworks";
			outputFileListPaths = (
				"${PODS_ROOT}/Target Support Files/Pods-E-Grow2/Pods-E-Grow2-frameworks-${CONFIGURATION}-output-files.xcfilelist",
			);
			runOnlyForDeploymentPostprocessing = 0;
			shellPath = /bin/sh;
			shellScript = "\"${PODS_ROOT}/Target Support Files/Pods-E-Grow2/Pods-E-Grow2-frameworks.sh\"\n";
			showEnvVarsInLog = 0;
		};
/* End PBXShellScriptBuildPhase section */

/* Begin PBXSourcesBuildPhase section */
		9A6DF40D25572EFD002CD8B5 /* Sources */ = {
			isa = PBXSourcesBuildPhase;
			buildActionMask = 2147483647;
			files = (
				9AC5D0D125574C7B0025B5D0 /* LoginViewController.swift in Sources */,
				9A6DF41925572EFD002CD8B5 /* ViewController.swift in Sources */,
				9AC5D0D925575F9E0025B5D0 /* AccountViewController.swift in Sources */,
				9A41E247255734A00063440D /* MobileNet.mlmodel in Sources */,
				9AC5D0CF25574C720025B5D0 /* SignUpViewController.swift in Sources */,
				9A6DF41F25572EFE002CD8B5 /* E_Grow2.xcdatamodeld in Sources */,
				9AC5D0D325574C830025B5D0 /* FirstViewController.swift in Sources */,
				9A6DF41525572EFD002CD8B5 /* AppDelegate.swift in Sources */,
				9AC5D0D725575F790025B5D0 /* MapViewController.swift in Sources */,
				9AC5D0D525575F640025B5D0 /* HomeViewController.swift in Sources */,
				9A41E249255734B60063440D /* CGImagePropertyOrientation+UIImageOrientation.swift in Sources */,
				9A6DF41725572EFD002CD8B5 /* SceneDelegate.swift in Sources */,
				9A41E24B255734BE0063440D /* ImageClassificationViewController.swift in Sources */,
			);
			runOnlyForDeploymentPostprocessing = 0;
		};
		9A6DF42625572F00002CD8B5 /* Sources */ = {
			isa = PBXSourcesBuildPhase;
			buildActionMask = 2147483647;
			files = (
				9A6DF42F25572F00002CD8B5 /* E_Grow2Tests.swift in Sources */,
			);
			runOnlyForDeploymentPostprocessing = 0;
		};
		9A6DF43125572F00002CD8B5 /* Sources */ = {
			isa = PBXSourcesBuildPhase;
			buildActionMask = 2147483647;
			files = (
				9A6DF43A25572F00002CD8B5 /* E_Grow2UITests.swift in Sources */,
			);
			runOnlyForDeploymentPostprocessing = 0;
		};
/* End PBXSourcesBuildPhase section */

/* Begin PBXTargetDependency section */
		9A6DF42C25572F00002CD8B5 /* PBXTargetDependency */ = {
			isa = PBXTargetDependency;
			target = 9A6DF41025572EFD002CD8B5 /* E-Grow2 */;
			targetProxy = 9A6DF42B25572F00002CD8B5 /* PBXContainerItemProxy */;
		};
		9A6DF43725572F00002CD8B5 /* PBXTargetDependency */ = {
			isa = PBXTargetDependency;
			target = 9A6DF41025572EFD002CD8B5 /* E-Grow2 */;
			targetProxy = 9A6DF43625572F00002CD8B5 /* PBXContainerItemProxy */;
		};
/* End PBXTargetDependency section */

/* Begin PBXVariantGroup section */
		9A6DF41A25572EFD002CD8B5 /* Main.storyboard */ = {
			isa = PBXVariantGroup;
			children = (
				9A6DF41B25572EFD002CD8B5 /* Base */,
			);
			name = Main.storyboard;
			sourceTree = "<group>";
		};
		9A6DF42225572F00002CD8B5 /* LaunchScreen.storyboard */ = {
			isa = PBXVariantGroup;
			children = (
				9A6DF42325572F00002CD8B5 /* Base */,
			);
			name = LaunchScreen.storyboard;
			sourceTree = "<group>";
		};
/* End PBXVariantGroup section */

/* Begin XCBuildConfiguration section */
		9A6DF43C25572F00002CD8B5 /* Debug */ = {
			isa = XCBuildConfiguration;
			buildSettings = {
				ALWAYS_SEARCH_USER_PATHS = NO;
				CLANG_ANALYZER_NONNULL = YES;
				CLANG_ANALYZER_NUMBER_OBJECT_CONVERSION = YES_AGGRESSIVE;
				CLANG_CXX_LANGUAGE_STANDARD = "gnu++14";
				CLANG_CXX_LIBRARY = "libc++";
				CLANG_ENABLE_MODULES = YES;
				CLANG_ENABLE_OBJC_ARC = YES;
				CLANG_ENABLE_OBJC_WEAK = YES;
				CLANG_WARN_BLOCK_CAPTURE_AUTORELEASING = YES;
				CLANG_WARN_BOOL_CONVERSION = YES;
				CLANG_WARN_COMMA = YES;
				CLANG_WARN_CONSTANT_CONVERSION = YES;
				CLANG_WARN_DEPRECATED_OBJC_IMPLEMENTATIONS = YES;
				CLANG_WARN_DIRECT_OBJC_ISA_USAGE = YES_ERROR;
				CLANG_WARN_DOCUMENTATION_COMMENTS = YES;
				CLANG_WARN_EMPTY_BODY = YES;
				CLANG_WARN_ENUM_CONVERSION = YES;
				CLANG_WARN_INFINITE_RECURSION = YES;
				CLANG_WARN_INT_CONVERSION = YES;
				CLANG_WARN_NON_LITERAL_NULL_CONVERSION = YES;
				CLANG_WARN_OBJC_IMPLICIT_RETAIN_SELF = YES;
				CLANG_WARN_OBJC_LITERAL_CONVERSION = YES;
				CLANG_WARN_OBJC_ROOT_CLASS = YES_ERROR;
				CLANG_WARN_RANGE_LOOP_ANALYSIS = YES;
				CLANG_WARN_STRICT_PROTOTYPES = YES;
				CLANG_WARN_SUSPICIOUS_MOVE = YES;
				CLANG_WARN_UNGUARDED_AVAILABILITY = YES_AGGRESSIVE;
				CLANG_WARN_UNREACHABLE_CODE = YES;
				CLANG_WARN__DUPLICATE_METHOD_MATCH = YES;
				COPY_PHASE_STRIP = NO;
				DEBUG_INFORMATION_FORMAT = dwarf;
				ENABLE_STRICT_OBJC_MSGSEND = YES;
				ENABLE_TESTABILITY = YES;
				GCC_C_LANGUAGE_STANDARD = gnu11;
				GCC_DYNAMIC_NO_PIC = NO;
				GCC_NO_COMMON_BLOCKS = YES;
				GCC_OPTIMIZATION_LEVEL = 0;
				GCC_PREPROCESSOR_DEFINITIONS = (
					"DEBUG=1",
					"$(inherited)",
				);
				GCC_WARN_64_TO_32_BIT_CONVERSION = YES;
				GCC_WARN_ABOUT_RETURN_TYPE = YES_ERROR;
				GCC_WARN_UNDECLARED_SELECTOR = YES;
				GCC_WARN_UNINITIALIZED_AUTOS = YES_AGGRESSIVE;
				GCC_WARN_UNUSED_FUNCTION = YES;
				GCC_WARN_UNUSED_VARIABLE = YES;
				IPHONEOS_DEPLOYMENT_TARGET = 13.5;
				MTL_ENABLE_DEBUG_INFO = INCLUDE_SOURCE;
				MTL_FAST_MATH = YES;
				ONLY_ACTIVE_ARCH = YES;
				SDKROOT = iphoneos;
				SWIFT_ACTIVE_COMPILATION_CONDITIONS = DEBUG;
				SWIFT_OPTIMIZATION_LEVEL = "-Onone";
			};
			name = Debug;
		};
		9A6DF43D25572F00002CD8B5 /* Release */ = {
			isa = XCBuildConfiguration;
			buildSettings = {
				ALWAYS_SEARCH_USER_PATHS = NO;
				CLANG_ANALYZER_NONNULL = YES;
				CLANG_ANALYZER_NUMBER_OBJECT_CONVERSION = YES_AGGRESSIVE;
				CLANG_CXX_LANGUAGE_STANDARD = "gnu++14";
				CLANG_CXX_LIBRARY = "libc++";
				CLANG_ENABLE_MODULES = YES;
				CLANG_ENABLE_OBJC_ARC = YES;
				CLANG_ENABLE_OBJC_WEAK = YES;
				CLANG_WARN_BLOCK_CAPTURE_AUTORELEASING = YES;
				CLANG_WARN_BOOL_CONVERSION = YES;
				CLANG_WARN_COMMA = YES;
				CLANG_WARN_CONSTANT_CONVERSION = YES;
				CLANG_WARN_DEPRECATED_OBJC_IMPLEMENTATIONS = YES;
				CLANG_WARN_DIRECT_OBJC_ISA_USAGE = YES_ERROR;
				CLANG_WARN_DOCUMENTATION_COMMENTS = YES;
				CLANG_WARN_EMPTY_BODY = YES;
				CLANG_WARN_ENUM_CONVERSION = YES;
				CLANG_WARN_INFINITE_RECURSION = YES;
				CLANG_WARN_INT_CONVERSION = YES;
				CLANG_WARN_NON_LITERAL_NULL_CONVERSION = YES;
				CLANG_WARN_OBJC_IMPLICIT_RETAIN_SELF = YES;
				CLANG_WARN_OBJC_LITERAL_CONVERSION = YES;
				CLANG_WARN_OBJC_ROOT_CLASS = YES_ERROR;
				CLANG_WARN_RANGE_LOOP_ANALYSIS = YES;
				CLANG_WARN_STRICT_PROTOTYPES = YES;
				CLANG_WARN_SUSPICIOUS_MOVE = YES;
				CLANG_WARN_UNGUARDED_AVAILABILITY = YES_AGGRESSIVE;
				CLANG_WARN_UNREACHABLE_CODE = YES;
				CLANG_WARN__DUPLICATE_METHOD_MATCH = YES;
				COPY_PHASE_STRIP = NO;
				DEBUG_INFORMATION_FORMAT = "dwarf-with-dsym";
				ENABLE_NS_ASSERTIONS = NO;
				ENABLE_STRICT_OBJC_MSGSEND = YES;
				GCC_C_LANGUAGE_STANDARD = gnu11;
				GCC_NO_COMMON_BLOCKS = YES;
				GCC_WARN_64_TO_32_BIT_CONVERSION = YES;
				GCC_WARN_ABOUT_RETURN_TYPE = YES_ERROR;
				GCC_WARN_UNDECLARED_SELECTOR = YES;
				GCC_WARN_UNINITIALIZED_AUTOS = YES_AGGRESSIVE;
				GCC_WARN_UNUSED_FUNCTION = YES;
				GCC_WARN_UNUSED_VARIABLE = YES;
				IPHONEOS_DEPLOYMENT_TARGET = 13.5;
				MTL_ENABLE_DEBUG_INFO = NO;
				MTL_FAST_MATH = YES;
				SDKROOT = iphoneos;
				SWIFT_COMPILATION_MODE = wholemodule;
				SWIFT_OPTIMIZATION_LEVEL = "-O";
				VALIDATE_PRODUCT = YES;
			};
			name = Release;
		};
		9A6DF43F25572F00002CD8B5 /* Debug */ = {
			isa = XCBuildConfiguration;
			baseConfigurationReference = 52D47E3F2F1D1D2C190BCF66 /* Pods-E-Grow2.debug.xcconfig */;
			buildSettings = {
				ASSETCATALOG_COMPILER_APPICON_NAME = AppIcon;
				CODE_SIGN_STYLE = Automatic;
				DEVELOPMENT_TEAM = A38V9C266Y;
				INFOPLIST_FILE = "E-Grow2/Info.plist";
				LD_RUNPATH_SEARCH_PATHS = (
					"$(inherited)",
					"@executable_path/Frameworks",
				);
				PRODUCT_BUNDLE_IDENTIFIER = "com.KamrynOhly.E-Grow";
				PRODUCT_NAME = "$(TARGET_NAME)";
				SWIFT_VERSION = 5.0;
				TARGETED_DEVICE_FAMILY = "1,2";
			};
			name = Debug;
		};
		9A6DF44025572F00002CD8B5 /* Release */ = {
			isa = XCBuildConfiguration;
			baseConfigurationReference = 8BB4461A2B1D60BE42F8D70D /* Pods-E-Grow2.release.xcconfig */;
			buildSettings = {
				ASSETCATALOG_COMPILER_APPICON_NAME = AppIcon;
				CODE_SIGN_STYLE = Automatic;
				DEVELOPMENT_TEAM = A38V9C266Y;
				INFOPLIST_FILE = "E-Grow2/Info.plist";
				LD_RUNPATH_SEARCH_PATHS = (
					"$(inherited)",
					"@executable_path/Frameworks",
				);
				PRODUCT_BUNDLE_IDENTIFIER = "com.KamrynOhly.E-Grow";
				PRODUCT_NAME = "$(TARGET_NAME)";
				SWIFT_VERSION = 5.0;
				TARGETED_DEVICE_FAMILY = "1,2";
			};
			name = Release;
		};
		9A6DF44225572F00002CD8B5 /* Debug */ = {
			isa = XCBuildConfiguration;
			baseConfigurationReference = C24E9BFD6C3897F09F94DB98 /* Pods-E-Grow2Tests.debug.xcconfig */;
			buildSettings = {
				ALWAYS_EMBED_SWIFT_STANDARD_LIBRARIES = YES;
				BUNDLE_LOADER = "$(TEST_HOST)";
				CODE_SIGN_STYLE = Automatic;
				DEVELOPMENT_TEAM = A38V9C266Y;
				INFOPLIST_FILE = "E-Grow2Tests/Info.plist";
				IPHONEOS_DEPLOYMENT_TARGET = 13.5;
				LD_RUNPATH_SEARCH_PATHS = (
					"$(inherited)",
					"@executable_path/Frameworks",
					"@loader_path/Frameworks",
				);
				PRODUCT_BUNDLE_IDENTIFIER = "com.KamrynOhly.E-Grow2Tests";
				PRODUCT_NAME = "$(TARGET_NAME)";
				SWIFT_VERSION = 5.0;
				TARGETED_DEVICE_FAMILY = "1,2";
				TEST_HOST = "$(BUILT_PRODUCTS_DIR)/E-Grow2.app/E-Grow2";
			};
			name = Debug;
		};
		9A6DF44325572F00002CD8B5 /* Release */ = {
			isa = XCBuildConfiguration;
			baseConfigurationReference = BC2F46A071449537A5857014 /* Pods-E-Grow2Tests.release.xcconfig */;
			buildSettings = {
				ALWAYS_EMBED_SWIFT_STANDARD_LIBRARIES = YES;
				BUNDLE_LOADER = "$(TEST_HOST)";
				CODE_SIGN_STYLE = Automatic;
				DEVELOPMENT_TEAM = A38V9C266Y;
				INFOPLIST_FILE = "E-Grow2Tests/Info.plist";
				IPHONEOS_DEPLOYMENT_TARGET = 13.5;
				LD_RUNPATH_SEARCH_PATHS = (
					"$(inherited)",
					"@executable_path/Frameworks",
					"@loader_path/Frameworks",
				);
				PRODUCT_BUNDLE_IDENTIFIER = "com.KamrynOhly.E-Grow2Tests";
				PRODUCT_NAME = "$(TARGET_NAME)";
				SWIFT_VERSION = 5.0;
				TARGETED_DEVICE_FAMILY = "1,2";
				TEST_HOST = "$(BUILT_PRODUCTS_DIR)/E-Grow2.app/E-Grow2";
			};
			name = Release;
		};
		9A6DF44525572F00002CD8B5 /* Debug */ = {
			isa = XCBuildConfiguration;
			baseConfigurationReference = BCC4FBB687B7C305E9B47FBA /* Pods-E-Grow2-E-Grow2UITests.debug.xcconfig */;
			buildSettings = {
				ALWAYS_EMBED_SWIFT_STANDARD_LIBRARIES = YES;
				CODE_SIGN_STYLE = Automatic;
				DEVELOPMENT_TEAM = A38V9C266Y;
				INFOPLIST_FILE = "E-Grow2UITests/Info.plist";
				LD_RUNPATH_SEARCH_PATHS = (
					"$(inherited)",
					"@executable_path/Frameworks",
					"@loader_path/Frameworks",
				);
				PRODUCT_BUNDLE_IDENTIFIER = "com.KamrynOhly.E-Grow2UITests";
				PRODUCT_NAME = "$(TARGET_NAME)";
				SWIFT_VERSION = 5.0;
				TARGETED_DEVICE_FAMILY = "1,2";
				TEST_TARGET_NAME = "E-Grow2";
			};
			name = Debug;
		};
		9A6DF44625572F00002CD8B5 /* Release */ = {
			isa = XCBuildConfiguration;
			baseConfigurationReference = 2C0FBF2CECE98ED36FA74714 /* Pods-E-Grow2-E-Grow2UITests.release.xcconfig */;
			buildSettings = {
				ALWAYS_EMBED_SWIFT_STANDARD_LIBRARIES = YES;
				CODE_SIGN_STYLE = Automatic;
				DEVELOPMENT_TEAM = A38V9C266Y;
				INFOPLIST_FILE = "E-Grow2UITests/Info.plist";
				LD_RUNPATH_SEARCH_PATHS = (
					"$(inherited)",
					"@executable_path/Frameworks",
					"@loader_path/Frameworks",
				);
				PRODUCT_BUNDLE_IDENTIFIER = "com.KamrynOhly.E-Grow2UITests";
				PRODUCT_NAME = "$(TARGET_NAME)";
				SWIFT_VERSION = 5.0;
				TARGETED_DEVICE_FAMILY = "1,2";
				TEST_TARGET_NAME = "E-Grow2";
			};
			name = Release;
		};
/* End XCBuildConfiguration section */

/* Begin XCConfigurationList section */
		9A6DF40C25572EFD002CD8B5 /* Build configuration list for PBXProject "E-Grow2" */ = {
			isa = XCConfigurationList;
			buildConfigurations = (
				9A6DF43C25572F00002CD8B5 /* Debug */,
				9A6DF43D25572F00002CD8B5 /* Release */,
			);
			defaultConfigurationIsVisible = 0;
			defaultConfigurationName = Release;
		};
		9A6DF43E25572F00002CD8B5 /* Build configuration list for PBXNativeTarget "E-Grow2" */ = {
			isa = XCConfigurationList;
			buildConfigurations = (
				9A6DF43F25572F00002CD8B5 /* Debug */,
				9A6DF44025572F00002CD8B5 /* Release */,
			);
			defaultConfigurationIsVisible = 0;
			defaultConfigurationName = Release;
		};
		9A6DF44125572F00002CD8B5 /* Build configuration list for PBXNativeTarget "E-Grow2Tests" */ = {
			isa = XCConfigurationList;
			buildConfigurations = (
				9A6DF44225572F00002CD8B5 /* Debug */,
				9A6DF44325572F00002CD8B5 /* Release */,
			);
			defaultConfigurationIsVisible = 0;
			defaultConfigurationName = Release;
		};
		9A6DF44425572F00002CD8B5 /* Build configuration list for PBXNativeTarget "E-Grow2UITests" */ = {
			isa = XCConfigurationList;
			buildConfigurations = (
				9A6DF44525572F00002CD8B5 /* Debug */,
				9A6DF44625572F00002CD8B5 /* Release */,
			);
			defaultConfigurationIsVisible = 0;
			defaultConfigurationName = Release;
		};
/* End XCConfigurationList section */

/* Begin XCVersionGroup section */
		9A6DF41D25572EFE002CD8B5 /* E_Grow2.xcdatamodeld */ = {
			isa = XCVersionGroup;
			children = (
				9A6DF41E25572EFE002CD8B5 /* E_Grow2.xcdatamodel */,
			);
			currentVersion = 9A6DF41E25572EFE002CD8B5 /* E_Grow2.xcdatamodel */;
			path = E_Grow2.xcdatamodeld;
			sourceTree = "<group>";
			versionGroupType = wrapper.xcdatamodel;
		};
/* End XCVersionGroup section */
	};
	rootObject = 9A6DF40925572EFD002CD8B5 /* Project object */;
}
